dependencies:
  espressif/esp-nn:
    component_hash: 918c7c8136f0fe8530962c57d03bde140678031adbca6ff8e2564676fe9b9245
    dependencies:
    - name: idf
      require: private
      version: '>=4.2'
    source:
      registry_url: https://components.espressif.com
      type: service
    version: 1.2.1
  espressif/esp-tflite-micro:
    component_hash: 57aa3889d3c7b7a513f716c2cb8707476a5bf42971d63a6f6d38a5616d862e57
    dependencies:
    - name: espressif/esp-nn
      registry_url: https://components.espressif.com
      require: private
      version: '>=1.1.1'
    - name: idf
      require: private
      version: '>=5.0'
    source:
      registry_url: https://components.espressif.com/
      type: service
    version: 1.3.5
  espressif/esp_jpeg:
    component_hash: defb83669293cbf86d0fa86b475ba5517aceed04ed70db435388c151ab37b5d7
    dependencies:
    - name: idf
      require: private
      version: '>=5.0'
    source:
      registry_url: https://components.espressif.com/
      type: service
    version: 1.3.1
  idf:
    source:
      type: idf
    version: 5.2.2
direct_dependencies:
- espressif/esp-tflite-micro
- espressif/esp_jpeg
- idf
manifest_hash: fbb26a23b8f8c090141d6c03a5458d43fb179188eb2d322097597d9d0ebdf584
target: esp32s3
version: 2.0.0
